
Microsoft Visual Studio Solution File, Format Version 12.00
# Visual Studio Version 16
VisualStudioVersion = 16.0.29403.142
MinimumVisualStudioVersion = 10.0.40219.1
Project("{FAE04EC0-301F-11D3-BF4B-00C04F79EFBC}") = "OOP-Trest", "OOP-Trest\OOP-Trest.csproj", "{597B21FB-8D50-42C0-8C79-4284208938C8}"
EndProject
Global
	GlobalSection(SolutionConfigurationPlatforms) = preSolution
		Debug|Any CPU = Debug|Any CPU
		Release|Any CPU = Release|Any CPU
	EndGlobalSection
	GlobalSection(ProjectConfigurationPlatforms) = postSolution
		{597B21FB-8D50-42C0-8C79-4284208938C8}.Debug|Any CPU.ActiveCfg = Debug|Any CPU
		{597B21FB-8D50-42C0-8C79-4284208938C8}.Debug|Any CPU.Build.0 = Debug|Any CPU
		{597B21FB-8D50-42C0-8C79-4284208938C8}.Release|Any CPU.ActiveCfg = Release|Any CPU
		{597B21FB-8D50-42C0-8C79-4284208938C8}.Release|Any CPU.Build.0 = Release|Any CPU
	EndGlobalSection
	GlobalSection(SolutionProperties) = preSolution
		HideSolutionNode = FALSE
	EndGlobalSection
	GlobalSection(ExtensibilityGlobals) = postSolution
		SolutionGuid = {9A664B80-050C-422B-A95A-081CFBF52B4F}
	EndGlobalSection
EndGlobal
